// !$*UTF8*$!
{
	archiveVersion = 1;
	classes = {
	};
	objectVersion = 50;
	objects = {

/* Begin PBXBuildFile section */
		B5F91C7A260D8C9300990563 /* AppDelegate.m in Sources */ = {isa = PBXBuildFile; fileRef = B5F91C79260D8C9300990563 /* AppDelegate.m */; };
		B5F91C7D260D8C9300990563 /* SceneDelegate.m in Sources */ = {isa = PBXBuildFile; fileRef = B5F91C7C260D8C9300990563 /* SceneDelegate.m */; };
		B5F91C80260D8C9300990563 /* ViewController.m in Sources */ = {isa = PBXBuildFile; fileRef = B5F91C7F260D8C9300990563 /* ViewController.m */; };
		B5F91C83260D8C9300990563 /* Main.storyboard in Resources */ = {isa = PBXBuildFile; fileRef = B5F91C81260D8C9300990563 /* Main.storyboard */; };
		B5F91C85260D8C9400990563 /* Assets.xcassets in Resources */ = {isa = PBXBuildFile; fileRef = B5F91C84260D8C9400990563 /* Assets.xcassets */; };
		B5F91C88260D8C9400990563 /* LaunchScreen.storyboard in Resources */ = {isa = PBXBuildFile; fileRef = B5F91C86260D8C9400990563 /* LaunchScreen.storyboard */; };
		B5F91C8B260D8C9400990563 /* main.m in Sources */ = {isa = PBXBuildFile; fileRef = B5F91C8A260D8C9400990563 /* main.m */; };
		B5F91D8626117D2100990563 /* IRCocoaHTTPServer.framework in Frameworks */ = {isa = PBXBuildFile; fileRef = B5F91C9D260D8CCE00990563 /* IRCocoaHTTPServer.framework */; };
		B5F91D8726117D2100990563 /* IRCocoaHTTPServer.framework in Embed Frameworks */ = {isa = PBXBuildFile; fileRef = B5F91C9D260D8CCE00990563 /* IRCocoaHTTPServer.framework */; settings = {ATTRIBUTES = (CodeSignOnCopy, RemoveHeadersOnCopy, ); }; };
		B5F91D9026117E1700990563 /* WebKit.framework in Frameworks */ = {isa = PBXBuildFile; fileRef = B5F91D8F26117E1700990563 /* WebKit.framework */; };
		B5F91D95261180C300990563 /* Web in Resources */ = {isa = PBXBuildFile; fileRef = B5F91D94261180C300990563 /* Web */; };
/* End PBXBuildFile section */

/* Begin PBXContainerItemProxy section */
		B5F91C9C260D8CCE00990563 /* PBXContainerItemProxy */ = {
			isa = PBXContainerItemProxy;
			containerPortal = B5F91C98260D8CCE00990563 /* IRCocoaHTTPServer.xcodeproj */;
			proxyType = 2;
			remoteGlobalIDString = B5F91C60260D8C7B00990563;
			remoteInfo = IRCocoaHTTPServer;
		};
/* End PBXContainerItemProxy section */

/* Begin PBXCopyFilesBuildPhase section */
		B5F91D8826117D2100990563 /* Embed Frameworks */ = {
			isa = PBXCopyFilesBuildPhase;
			buildActionMask = 2147483647;
			dstPath = "";
			dstSubfolderSpec = 10;
			files = (
				B5F91D8726117D2100990563 /* IRCocoaHTTPServer.framework in Embed Frameworks */,
			);
			name = "Embed Frameworks";
			runOnlyForDeploymentPostprocessing = 0;
		};
/* End PBXCopyFilesBuildPhase section */

/* Begin PBXFileReference section */
		B5F91C75260D8C9300990563 /* demo.app */ = {isa = PBXFileReference; explicitFileType = wrapper.application; includeInIndex = 0; path = demo.app; sourceTree = BUILT_PRODUCTS_DIR; };
		B5F91C78260D8C9300990563 /* AppDelegate.h */ = {isa = PBXFileReference; lastKnownFileType = sourcecode.c.h; path = AppDelegate.h; sourceTree = "<group>"; };
		B5F91C79260D8C9300990563 /* AppDelegate.m */ = {isa = PBXFileReference; lastKnownFileType = sourcecode.c.objc; path = AppDelegate.m; sourceTree = "<group>"; };
		B5F91C7B260D8C9300990563 /* SceneDelegate.h */ = {isa = PBXFileReference; lastKnownFileType = sourcecode.c.h; path = SceneDelegate.h; sourceTree = "<group>"; };
		B5F91C7C260D8C9300990563 /* SceneDelegate.m */ = {isa = PBXFileReference; lastKnownFileType = sourcecode.c.objc; path = SceneDelegate.m; sourceTree = "<group>"; };
		B5F91C7E260D8C9300990563 /* ViewController.h */ = {isa = PBXFileReference; lastKnownFileType = sourcecode.c.h; path = ViewController.h; sourceTree = "<group>"; };
		B5F91C7F260D8C9300990563 /* ViewController.m */ = {isa = PBXFileReference; lastKnownFileType = sourcecode.c.objc; path = ViewController.m; sourceTree = "<group>"; };
		B5F91C82260D8C9300990563 /* Base */ = {isa = PBXFileReference; lastKnownFileType = file.storyboard; name = Base; path = Base.lproj/Main.storyboard; sourceTree = "<group>"; };
		B5F91C84260D8C9400990563 /* Assets.xcassets */ = {isa = PBXFileReference; lastKnownFileType = folder.assetcatalog; path = Assets.xcassets; sourceTree = "<group>"; };
		B5F91C87260D8C9400990563 /* Base */ = {isa = PBXFileReference; lastKnownFileType = file.storyboard; name = Base; path = Base.lproj/LaunchScreen.storyboard; sourceTree = "<group>"; };
		B5F91C89260D8C9400990563 /* Info.plist */ = {isa = PBXFileReference; lastKnownFileType = text.plist.xml; path = Info.plist; sourceTree = "<group>"; };
		B5F91C8A260D8C9400990563 /* main.m */ = {isa = PBXFileReference; lastKnownFileType = sourcecode.c.objc; path = main.m; sourceTree = "<group>"; };
		B5F91C98260D8CCE00990563 /* IRCocoaHTTPServer.xcodeproj */ = {isa = PBXFileReference; lastKnownFileType = "wrapper.pb-project"; name = IRCocoaHTTPServer.xcodeproj; path = ../IRCocoaHTTPServer.xcodeproj; sourceTree = "<group>"; };
		B5F91D8F26117E1700990563 /* WebKit.framework */ = {isa = PBXFileReference; lastKnownFileType = wrapper.framework; name = WebKit.framework; path = System/Library/Frameworks/WebKit.framework; sourceTree = SDKROOT; };
		B5F91D94261180C300990563 /* Web */ = {isa = PBXFileReference; lastKnownFileType = folder; path = Web; sourceTree = "<group>"; };
/* End PBXFileReference section */

/* Begin PBXFrameworksBuildPhase section */
		B5F91C72260D8C9300990563 /* Frameworks */ = {
			isa = PBXFrameworksBuildPhase;
			buildActionMask = 2147483647;
			files = (
				B5F91D9026117E1700990563 /* WebKit.framework in Frameworks */,
				B5F91D8626117D2100990563 /* IRCocoaHTTPServer.framework in Frameworks */,
			);
			runOnlyForDeploymentPostprocessing = 0;
		};
/* End PBXFrameworksBuildPhase section */

/* Begin PBXGroup section */
		B5F91C6C260D8C9300990563 = {
			isa = PBXGroup;
			children = (
				B5F91C98260D8CCE00990563 /* IRCocoaHTTPServer.xcodeproj */,
				B5F91C77260D8C9300990563 /* demo */,
				B5F91C76260D8C9300990563 /* Products */,
				B5F91D8526117D2100990563 /* Frameworks */,
			);
			sourceTree = "<group>";
		};
		B5F91C76260D8C9300990563 /* Products */ = {
			isa = PBXGroup;
			children = (
				B5F91C75260D8C9300990563 /* demo.app */,
			);
			name = Products;
			sourceTree = "<group>";
		};
		B5F91C77260D8C9300990563 /* demo */ = {
			isa = PBXGroup;
			children = (
				B5F91C78260D8C9300990563 /* AppDelegate.h */,
				B5F91C79260D8C9300990563 /* AppDelegate.m */,
				B5F91C7B260D8C9300990563 /* SceneDelegate.h */,
				B5F91C7C260D8C9300990563 /* SceneDelegate.m */,
				B5F91C7E260D8C9300990563 /* ViewController.h */,
				B5F91C7F260D8C9300990563 /* ViewController.m */,
				B5F91C81260D8C9300990563 /* Main.storyboard */,
				B5F91C84260D8C9400990563 /* Assets.xcassets */,
				B5F91C86260D8C9400990563 /* LaunchScreen.storyboard */,
				B5F91C89260D8C9400990563 /* Info.plist */,
				B5F91C8A260D8C9400990563 /* main.m */,
				B5F91D94261180C300990563 /* Web */,
			);
			path = demo;
			sourceTree = "<group>";
		};
		B5F91C99260D8CCE00990563 /* Products */ = {
			isa = PBXGroup;
			children = (
				B5F91C9D260D8CCE00990563 /* IRCocoaHTTPServer.framework */,
			);
			name = Products;
			sourceTree = "<group>";
		};
		B5F91D8526117D2100990563 /* Frameworks */ = {
			isa = PBXGroup;
			children = (
				B5F91D8F26117E1700990563 /* WebKit.framework */,
			);
			name = Frameworks;
			sourceTree = "<group>";
		};
/* End PBXGroup section */

/* Begin PBXNativeTarget section */
		B5F91C74260D8C9300990563 /* demo */ = {
			isa = PBXNativeTarget;
			buildConfigurationList = B5F91C8E260D8C9400990563 /* Build configuration list for PBXNativeTarget "demo" */;
			buildPhases = (
				B5F91C71260D8C9300990563 /* Sources */,
				B5F91C72260D8C9300990563 /* Frameworks */,
				B5F91C73260D8C9300990563 /* Resources */,
				B5F91D8826117D2100990563 /* Embed Frameworks */,
			);
			buildRules = (
			);
			dependencies = (
			);
			name = demo;
			productName = demo;
			productReference = B5F91C75260D8C9300990563 /* demo.app */;
			productType = "com.apple.product-type.application";
		};
/* End PBXNativeTarget section */

/* Begin PBXProject section */
		B5F91C6D260D8C9300990563 /* Project object */ = {
			isa = PBXProject;
			attributes = {
				LastUpgradeCheck = 1240;
				TargetAttributes = {
					B5F91C74260D8C9300990563 = {
						CreatedOnToolsVersion = 12.4;
					};
				};
			};
			buildConfigurationList = B5F91C70260D8C9300990563 /* Build configuration list for PBXProject "demo" */;
			compatibilityVersion = "Xcode 9.3";
			developmentRegion = en;
			hasScannedForEncodings = 0;
			knownRegions = (
				en,
				Base,
			);
			mainGroup = B5F91C6C260D8C9300990563;
			productRefGroup = B5F91C76260D8C9300990563 /* Products */;
			projectDirPath = "";
			projectReferences = (
				{
					ProductGroup = B5F91C99260D8CCE00990563 /* Products */;
					ProjectRef = B5F91C98260D8CCE00990563 /* IRCocoaHTTPServer.xcodeproj */;
				},
			);
			projectRoot = "";
			targets = (
				B5F91C74260D8C9300990563 /* demo */,
			);
		};
/* End PBXProject section */

/* Begin PBXReferenceProxy section */
		B5F91C9D260D8CCE00990563 /* IRCocoaHTTPServer.framework */ = {
			isa = PBXReferenceProxy;
			fileType = wrapper.framework;
			path = IRCocoaHTTPServer.framework;
			remoteRef = B5F91C9C260D8CCE00990563 /* PBXContainerItemProxy */;
			sourceTree = BUILT_PRODUCTS_DIR;
		};
/* End PBXReferenceProxy section */

/* Begin PBXResourcesBuildPhase section */
		B5F91C73260D8C9300990563 /* Resources */ = {
			isa = PBXResourcesBuildPhase;
			buildActionMask = 2147483647;
			files = (
				B5F91C88260D8C9400990563 /* LaunchScreen.storyboard in Resources */,
				B5F91D95261180C300990563 /* Web in Resources */,
				B5F91C85260D8C9400990563 /* Assets.xcassets in Resources */,
				B5F91C83260D8C9300990563 /* Main.storyboard in Resources */,
			);
			runOnlyForDeploymentPostprocessing = 0;
		};
/* End PBXResourcesBuildPhase section */

/* Begin PBXSourcesBuildPhase section */
		B5F91C71260D8C9300990563 /* Sources */ = {
			isa = PBXSourcesBuildPhase;
			buildActionMask = 2147483647;
			files = (
				B5F91C80260D8C9300990563 /* ViewController.m in Sources */,
				B5F91C7A260D8C9300990563 /* AppDelegate.m in Sources */,
				B5F91C8B260D8C9400990563 /* main.m in Sources */,
				B5F91C7D260D8C9300990563 /* SceneDelegate.m in Sources */,
			);
			runOnlyForDeploymentPostprocessing = 0;
		};
/* End PBXSourcesBuildPhase section */

/* Begin PBXVariantGroup section */
		B5F91C81260D8C9300990563 /* Main.storyboard */ = {
			isa = PBXVariantGroup;
			children = (
				B5F91C82260D8C9300990563 /* Base */,
			);
			name = Main.storyboard;
			sourceTree = "<group>";
		};
		B5F91C86260D8C9400990563 /* LaunchScreen.storyboard */ = {
			isa = PBXVariantGroup;
			children = (
				B5F91C87260D8C9400990563 /* Base */,
			);
			name = LaunchScreen.storyboard;
			sourceTree = "<group>";
		};
/* End PBXVariantGroup section */

/* Begin XCBuildConfiguration section */
		B5F91C8C260D8C9400990563 /* Debug */ = {
			isa = XCBuildConfiguration;
			buildSettings = {
				ALWAYS_SEARCH_USER_PATHS = NO;
				CLANG_ANALYZER_NONNULL = YES;
				CLANG_ANALYZER_NUMBER_OBJECT_CONVERSION = YES_AGGRESSIVE;
				CLANG_CXX_LANGUAGE_STANDARD = "gnu++14";
				CLANG_CXX_LIBRARY = "libc++";
				CLANG_ENABLE_MODULES = YES;
				CLANG_ENABLE_OBJC_ARC = YES;
				CLANG_ENABLE_OBJC_WEAK = YES;
				CLANG_WARN_BLOCK_CAPTURE_AUTORELEASING = YES;
				CLANG_WARN_BOOL_CONVERSION = YES;
				CLANG_WARN_COMMA = YES;
				CLANG_WARN_CONSTANT_CONVERSION = YES;
				CLANG_WARN_DEPRECATED_OBJC_IMPLEMENTATIONS = YES;
				CLANG_WARN_DIRECT_OBJC_ISA_USAGE = YES_ERROR;
				CLANG_WARN_DOCUMENTATION_COMMENTS = YES;
				CLANG_WARN_EMPTY_BODY = YES;
				CLANG_WARN_ENUM_CONVERSION = YES;
				CLANG_WARN_INFINITE_RECURSION = YES;
				CLANG_WARN_INT_CONVERSION = YES;
				CLANG_WARN_NON_LITERAL_NULL_CONVERSION = YES;
				CLANG_WARN_OBJC_IMPLICIT_RETAIN_SELF = YES;
				CLANG_WARN_OBJC_LITERAL_CONVERSION = YES;
				CLANG_WARN_OBJC_ROOT_CLASS = YES_ERROR;
				CLANG_WARN_QUOTED_INCLUDE_IN_FRAMEWORK_HEADER = YES;
				CLANG_WARN_RANGE_LOOP_ANALYSIS = YES;
				CLANG_WARN_STRICT_PROTOTYPES = YES;
				CLANG_WARN_SUSPICIOUS_MOVE = YES;
				CLANG_WARN_UNGUARDED_AVAILABILITY = YES_AGGRESSIVE;
				CLANG_WARN_UNREACHABLE_CODE = YES;
				CLANG_WARN__DUPLICATE_METHOD_MATCH = YES;
				COPY_PHASE_STRIP = NO;
				DEBUG_INFORMATION_FORMAT = dwarf;
				ENABLE_STRICT_OBJC_MSGSEND = YES;
				ENABLE_TESTABILITY = YES;
				GCC_C_LANGUAGE_STANDARD = gnu11;
				GCC_DYNAMIC_NO_PIC = NO;
				GCC_NO_COMMON_BLOCKS = YES;
				GCC_OPTIMIZATION_LEVEL = 0;
				GCC_PREPROCESSOR_DEFINITIONS = (
					"DEBUG=1",
					"$(inherited)",
				);
				GCC_WARN_64_TO_32_BIT_CONVERSION = YES;
				GCC_WARN_ABOUT_RETURN_TYPE = YES_ERROR;
				GCC_WARN_UNDECLARED_SELECTOR = YES;
				GCC_WARN_UNINITIALIZED_AUTOS = YES_AGGRESSIVE;
				GCC_WARN_UNUSED_FUNCTION = YES;
				GCC_WARN_UNUSED_VARIABLE = YES;
				IPHONEOS_DEPLOYMENT_TARGET = 14.4;
				MTL_ENABLE_DEBUG_INFO = INCLUDE_SOURCE;
				MTL_FAST_MATH = YES;
				ONLY_ACTIVE_ARCH = YES;
				SDKROOT = iphoneos;
			};
			name = Debug;
		};
		B5F91C8D260D8C9400990563 /* Release */ = {
			isa = XCBuildConfiguration;
			buildSettings = {
				ALWAYS_SEARCH_USER_PATHS = NO;
				CLANG_ANALYZER_NONNULL = YES;
				CLANG_ANALYZER_NUMBER_OBJECT_CONVERSION = YES_AGGRESSIVE;
				CLANG_CXX_LANGUAGE_STANDARD = "gnu++14";
				CLANG_CXX_LIBRARY = "libc++";
				CLANG_ENABLE_MODULES = YES;
				CLANG_ENABLE_OBJC_ARC = YES;
				CLANG_ENABLE_OBJC_WEAK = YES;
				CLANG_WARN_BLOCK_CAPTURE_AUTORELEASING = YES;
				CLANG_WARN_BOOL_CONVERSION = YES;
				CLANG_WARN_COMMA = YES;
				CLANG_WARN_CONSTANT_CONVERSION = YES;
				CLANG_WARN_DEPRECATED_OBJC_IMPLEMENTATIONS = YES;
				CLANG_WARN_DIRECT_OBJC_ISA_USAGE = YES_ERROR;
				CLANG_WARN_DOCUMENTATION_COMMENTS = YES;
				CLANG_WARN_EMPTY_BODY = YES;
				CLANG_WARN_ENUM_CONVERSION = YES;
				CLANG_WARN_INFINITE_RECURSION = YES;
				CLANG_WARN_INT_CONVERSION = YES;
				CLANG_WARN_NON_LITERAL_NULL_CONVERSION = YES;
				CLANG_WARN_OBJC_IMPLICIT_RETAIN_SELF = YES;
				CLANG_WARN_OBJC_LITERAL_CONVERSION = YES;
				CLANG_WARN_OBJC_ROOT_CLASS = YES_ERROR;
				CLANG_WARN_QUOTED_INCLUDE_IN_FRAMEWORK_HEADER = YES;
				CLANG_WARN_RANGE_LOOP_ANALYSIS = YES;
				CLANG_WARN_STRICT_PROTOTYPES = YES;
				CLANG_WARN_SUSPICIOUS_MOVE = YES;
				CLANG_WARN_UNGUARDED_AVAILABILITY = YES_AGGRESSIVE;
				CLANG_WARN_UNREACHABLE_CODE = YES;
				CLANG_WARN__DUPLICATE_METHOD_MATCH = YES;
				COPY_PHASE_STRIP = NO;
				DEBUG_INFORMATION_FORMAT = "dwarf-with-dsym";
				ENABLE_NS_ASSERTIONS = NO;
				ENABLE_STRICT_OBJC_MSGSEND = YES;
				GCC_C_LANGUAGE_STANDARD = gnu11;
				GCC_NO_COMMON_BLOCKS = YES;
				GCC_WARN_64_TO_32_BIT_CONVERSION = YES;
				GCC_WARN_ABOUT_RETURN_TYPE = YES_ERROR;
				GCC_WARN_UNDECLARED_SELECTOR = YES;
				GCC_WARN_UNINITIALIZED_AUTOS = YES_AGGRESSIVE;
				GCC_WARN_UNUSED_FUNCTION = YES;
				GCC_WARN_UNUSED_VARIABLE = YES;
				IPHONEOS_DEPLOYMENT_TARGET = 14.4;
				MTL_ENABLE_DEBUG_INFO = NO;
				MTL_FAST_MATH = YES;
				SDKROOT = iphoneos;
				VALIDATE_PRODUCT = YES;
			};
			name = Release;
		};
		B5F91C8F260D8C9400990563 /* Debug */ = {
			isa = XCBuildConfiguration;
			buildSettings = {
				ASSETCATALOG_COMPILER_APPICON_NAME = AppIcon;
				ASSETCATALOG_COMPILER_GLOBAL_ACCENT_COLOR_NAME = AccentColor;
				CODE_SIGN_STYLE = Automatic;
				DEVELOPMENT_TEAM = T6VV6T753H;
				INFOPLIST_FILE = demo/Info.plist;
				LD_RUNPATH_SEARCH_PATHS = (
					"$(inherited)",
					"@executable_path/Frameworks",
				);
				PRODUCT_BUNDLE_IDENTIFIER = irons163.demo;
				PRODUCT_NAME = "$(TARGET_NAME)";
				TARGETED_DEVICE_FAMILY = "1,2";
			};
			name = Debug;
		};
		B5F91C90260D8C9400990563 /* Release */ = {
			isa = XCBuildConfiguration;
			buildSettings = {
				ASSETCATALOG_COMPILER_APPICON_NAME = AppIcon;
				ASSETCATALOG_COMPILER_GLOBAL_ACCENT_COLOR_NAME = AccentColor;
				CODE_SIGN_STYLE = Automatic;
				DEVELOPMENT_TEAM = T6VV6T753H;
				INFOPLIST_FILE = demo/Info.plist;
				LD_RUNPATH_SEARCH_PATHS = (
					"$(inherited)",
					"@executable_path/Frameworks",
				);
				PRODUCT_BUNDLE_IDENTIFIER = irons163.demo;
				PRODUCT_NAME = "$(TARGET_NAME)";
				TARGETED_DEVICE_FAMILY = "1,2";
			};
			name = Release;
		};
/* End XCBuildConfiguration section */

/* Begin XCConfigurationList section */
		B5F91C70260D8C9300990563 /* Build configuration list for PBXProject "demo" */ = {
			isa = XCConfigurationList;
			buildConfigurations = (
				B5F91C8C260D8C9400990563 /* Debug */,
				B5F91C8D260D8C9400990563 /* Release */,
			);
			defaultConfigurationIsVisible = 0;
			defaultConfigurationName = Release;
		};
		B5F91C8E260D8C9400990563 /* Build configuration list for PBXNativeTarget "demo" */ = {
			isa = XCConfigurationList;
			buildConfigurations = (
				B5F91C8F260D8C9400990563 /* Debug */,
				B5F91C90260D8C9400990563 /* Release */,
			);
			defaultConfigurationIsVisible = 0;
			defaultConfigurationName = Release;
		};
/* End XCConfigurationList section */
	};
	rootObject = B5F91C6D260D8C9300990563 /* Project object */;
}
